
Microsoft Visual Studio Solution File, Format Version 12.00
# Visual Studio Version 17
VisualStudioVersion = 17.5.002.0
MinimumVisualStudioVersion = 10.0.40219.1
Project("{9A19103F-16F7-4668-BE54-9A1E7A4F7556}") = "BubbleSort", "BubbleSort.csproj", "{E45EA625-C5D0-4DC5-8E70-5D64A91C5276}"
EndProject
Global
	GlobalSection(SolutionConfigurationPlatforms) = preSolution
		Debug|Any CPU = Debug|Any CPU
		Release|Any CPU = Release|Any CPU
	EndGlobalSection
	GlobalSection(ProjectConfigurationPlatforms) = postSolution
		{E45EA625-C5D0-4DC5-8E70-5D64A91C5276}.Debug|Any CPU.ActiveCfg = Debug|Any CPU
		{E45EA625-C5D0-4DC5-8E70-5D64A91C5276}.Debug|Any CPU.Build.0 = Debug|Any CPU
		{E45EA625-C5D0-4DC5-8E70-5D64A91C5276}.Release|Any CPU.ActiveCfg = Release|Any CPU
		{E45EA625-C5D0-4DC5-8E70-5D64A91C5276}.Release|Any CPU.Build.0 = Release|Any CPU
	EndGlobalSection
	GlobalSection(SolutionProperties) = preSolution
		HideSolutionNode = FALSE
	EndGlobalSection
	GlobalSection(ExtensibilityGlobals) = postSolution
		SolutionGuid = {2660DE5E-F593-4233-8820-10E1140C3DDA}
	EndGlobalSection
EndGlobal
